// !$*UTF8*$!
{
	archiveVersion = 1;
	classes = {
	};
	objectVersion = 55;
	objects = {

/* Begin PBXBuildFile section */
		8EB6E70227ED30FB00B5C8C0 /* ViewController.swift in Sources */ = {isa = PBXBuildFile; fileRef = 8EB6E70127ED30FB00B5C8C0 /* ViewController.swift */; };
		8EEA860927ED08A60082BDE7 /* AppDelegate.swift in Sources */ = {isa = PBXBuildFile; fileRef = 8EEA860827ED08A60082BDE7 /* AppDelegate.swift */; };
		8EEA860B27ED08A60082BDE7 /* SceneDelegate.swift in Sources */ = {isa = PBXBuildFile; fileRef = 8EEA860A27ED08A60082BDE7 /* SceneDelegate.swift */; };
		8EEA861027ED08A60082BDE7 /* Main.storyboard in Resources */ = {isa = PBXBuildFile; fileRef = 8EEA860E27ED08A60082BDE7 /* Main.storyboard */; };
		8EEA861227ED08A80082BDE7 /* Assets.xcassets in Resources */ = {isa = PBXBuildFile; fileRef = 8EEA861127ED08A80082BDE7 /* Assets.xcassets */; };
		8EEA861527ED08A80082BDE7 /* LaunchScreen.storyboard in Resources */ = {isa = PBXBuildFile; fileRef = 8EEA861327ED08A80082BDE7 /* LaunchScreen.storyboard */; };
		8EEA861E27ED0BDE0082BDE7 /* ManusSmooth.ttf in Resources */ = {isa = PBXBuildFile; fileRef = 8EEA861D27ED0BDE0082BDE7 /* ManusSmooth.ttf */; };
		8EEA862027ED25640082BDE7 /* NSShadow+Extensions.swift in Sources */ = {isa = PBXBuildFile; fileRef = 8EEA861F27ED25640082BDE7 /* NSShadow+Extensions.swift */; };
/* End PBXBuildFile section */

/* Begin PBXFileReference section */
		8EB6E70127ED30FB00B5C8C0 /* ViewController.swift */ = {isa = PBXFileReference; lastKnownFileType = sourcecode.swift; path = ViewController.swift; sourceTree = "<group>"; };
		8EEA860527ED08A60082BDE7 /* hometask12.app */ = {isa = PBXFileReference; explicitFileType = wrapper.application; includeInIndex = 0; path = hometask12.app; sourceTree = BUILT_PRODUCTS_DIR; };
		8EEA860827ED08A60082BDE7 /* AppDelegate.swift */ = {isa = PBXFileReference; lastKnownFileType = sourcecode.swift; path = AppDelegate.swift; sourceTree = "<group>"; };
		8EEA860A27ED08A60082BDE7 /* SceneDelegate.swift */ = {isa = PBXFileReference; lastKnownFileType = sourcecode.swift; path = SceneDelegate.swift; sourceTree = "<group>"; };
		8EEA860F27ED08A60082BDE7 /* Base */ = {isa = PBXFileReference; lastKnownFileType = file.storyboard; name = Base; path = Base.lproj/Main.storyboard; sourceTree = "<group>"; };
		8EEA861127ED08A80082BDE7 /* Assets.xcassets */ = {isa = PBXFileReference; lastKnownFileType = folder.assetcatalog; path = Assets.xcassets; sourceTree = "<group>"; };
		8EEA861427ED08A80082BDE7 /* Base */ = {isa = PBXFileReference; lastKnownFileType = file.storyboard; name = Base; path = Base.lproj/LaunchScreen.storyboard; sourceTree = "<group>"; };
		8EEA861627ED08A80082BDE7 /* Info.plist */ = {isa = PBXFileReference; lastKnownFileType = text.plist.xml; path = Info.plist; sourceTree = "<group>"; };
		8EEA861D27ED0BDE0082BDE7 /* ManusSmooth.ttf */ = {isa = PBXFileReference; lastKnownFileType = file; path = ManusSmooth.ttf; sourceTree = "<group>"; };
		8EEA861F27ED25640082BDE7 /* NSShadow+Extensions.swift */ = {isa = PBXFileReference; lastKnownFileType = sourcecode.swift; path = "NSShadow+Extensions.swift"; sourceTree = "<group>"; };
/* End PBXFileReference section */

/* Begin PBXFrameworksBuildPhase section */
		8EEA860227ED08A60082BDE7 /* Frameworks */ = {
			isa = PBXFrameworksBuildPhase;
			buildActionMask = 2147483647;
			files = (
			);
			runOnlyForDeploymentPostprocessing = 0;
		};
/* End PBXFrameworksBuildPhase section */

/* Begin PBXGroup section */
		8EEA85FC27ED08A60082BDE7 = {
			isa = PBXGroup;
			children = (
				8EEA860727ED08A60082BDE7 /* hometask12 */,
				8EEA860627ED08A60082BDE7 /* Products */,
			);
			sourceTree = "<group>";
		};
		8EEA860627ED08A60082BDE7 /* Products */ = {
			isa = PBXGroup;
			children = (
				8EEA860527ED08A60082BDE7 /* hometask12.app */,
			);
			name = Products;
			sourceTree = "<group>";
		};
		8EEA860727ED08A60082BDE7 /* hometask12 */ = {
			isa = PBXGroup;
			children = (
				8EEA860827ED08A60082BDE7 /* AppDelegate.swift */,
				8EEA860A27ED08A60082BDE7 /* SceneDelegate.swift */,
				8EEA861F27ED25640082BDE7 /* NSShadow+Extensions.swift */,
				8EB6E70127ED30FB00B5C8C0 /* ViewController.swift */,
				8EEA861C27ED0B770082BDE7 /* Fonts */,
				8EEA860E27ED08A60082BDE7 /* Main.storyboard */,
				8EEA861127ED08A80082BDE7 /* Assets.xcassets */,
				8EEA861327ED08A80082BDE7 /* LaunchScreen.storyboard */,
				8EEA861627ED08A80082BDE7 /* Info.plist */,
			);
			path = hometask12;
			sourceTree = "<group>";
		};
		8EEA861C27ED0B770082BDE7 /* Fonts */ = {
			isa = PBXGroup;
			children = (
				8EEA861D27ED0BDE0082BDE7 /* ManusSmooth.ttf */,
			);
			path = Fonts;
			sourceTree = "<group>";
		};
/* End PBXGroup section */

/* Begin PBXNativeTarget section */
		8EEA860427ED08A60082BDE7 /* hometask12 */ = {
			isa = PBXNativeTarget;
			buildConfigurationList = 8EEA861927ED08A80082BDE7 /* Build configuration list for PBXNativeTarget "hometask12" */;
			buildPhases = (
				8EEA860127ED08A60082BDE7 /* Sources */,
				8EEA860227ED08A60082BDE7 /* Frameworks */,
				8EEA860327ED08A60082BDE7 /* Resources */,
			);
			buildRules = (
			);
			dependencies = (
			);
			name = hometask12;
			productName = hometask12;
			productReference = 8EEA860527ED08A60082BDE7 /* hometask12.app */;
			productType = "com.apple.product-type.application";
		};
/* End PBXNativeTarget section */

/* Begin PBXProject section */
		8EEA85FD27ED08A60082BDE7 /* Project object */ = {
			isa = PBXProject;
			attributes = {
				BuildIndependentTargetsInParallel = 1;
				LastSwiftUpdateCheck = 1320;
				LastUpgradeCheck = 1320;
				TargetAttributes = {
					8EEA860427ED08A60082BDE7 = {
						CreatedOnToolsVersion = 13.2.1;
					};
				};
			};
			buildConfigurationList = 8EEA860027ED08A60082BDE7 /* Build configuration list for PBXProject "hometask12" */;
			compatibilityVersion = "Xcode 13.0";
			developmentRegion = en;
			hasScannedForEncodings = 0;
			knownRegions = (
				en,
				Base,
			);
			mainGroup = 8EEA85FC27ED08A60082BDE7;
			productRefGroup = 8EEA860627ED08A60082BDE7 /* Products */;
			projectDirPath = "";
			projectRoot = "";
			targets = (
				8EEA860427ED08A60082BDE7 /* hometask12 */,
			);
		};
/* End PBXProject section */

/* Begin PBXResourcesBuildPhase section */
		8EEA860327ED08A60082BDE7 /* Resources */ = {
			isa = PBXResourcesBuildPhase;
			buildActionMask = 2147483647;
			files = (
				8EEA861527ED08A80082BDE7 /* LaunchScreen.storyboard in Resources */,
				8EEA861E27ED0BDE0082BDE7 /* ManusSmooth.ttf in Resources */,
				8EEA861227ED08A80082BDE7 /* Assets.xcassets in Resources */,
				8EEA861027ED08A60082BDE7 /* Main.storyboard in Resources */,
			);
			runOnlyForDeploymentPostprocessing = 0;
		};
/* End PBXResourcesBuildPhase section */

/* Begin PBXSourcesBuildPhase section */
		8EEA860127ED08A60082BDE7 /* Sources */ = {
			isa = PBXSourcesBuildPhase;
			buildActionMask = 2147483647;
			files = (
				8EEA860927ED08A60082BDE7 /* AppDelegate.swift in Sources */,
				8EEA862027ED25640082BDE7 /* NSShadow+Extensions.swift in Sources */,
				8EB6E70227ED30FB00B5C8C0 /* ViewController.swift in Sources */,
				8EEA860B27ED08A60082BDE7 /* SceneDelegate.swift in Sources */,
			);
			runOnlyForDeploymentPostprocessing = 0;
		};
/* End PBXSourcesBuildPhase section */

/* Begin PBXVariantGroup section */
		8EEA860E27ED08A60082BDE7 /* Main.storyboard */ = {
			isa = PBXVariantGroup;
			children = (
				8EEA860F27ED08A60082BDE7 /* Base */,
			);
			name = Main.storyboard;
			sourceTree = "<group>";
		};
		8EEA861327ED08A80082BDE7 /* LaunchScreen.storyboard */ = {
			isa = PBXVariantGroup;
			children = (
				8EEA861427ED08A80082BDE7 /* Base */,
			);
			name = LaunchScreen.storyboard;
			sourceTree = "<group>";
		};
/* End PBXVariantGroup section */

/* Begin XCBuildConfiguration section */
		8EEA861727ED08A80082BDE7 /* Debug */ = {
			isa = XCBuildConfiguration;
			buildSettings = {
				ALWAYS_SEARCH_USER_PATHS = NO;
				CLANG_ANALYZER_NONNULL = YES;
				CLANG_ANALYZER_NUMBER_OBJECT_CONVERSION = YES_AGGRESSIVE;
				CLANG_CXX_LANGUAGE_STANDARD = "gnu++17";
				CLANG_CXX_LIBRARY = "libc++";
				CLANG_ENABLE_MODULES = YES;
				CLANG_ENABLE_OBJC_ARC = YES;
				CLANG_ENABLE_OBJC_WEAK = YES;
				CLANG_WARN_BLOCK_CAPTURE_AUTORELEASING = YES;
				CLANG_WARN_BOOL_CONVERSION = YES;
				CLANG_WARN_COMMA = YES;
				CLANG_WARN_CONSTANT_CONVERSION = YES;
				CLANG_WARN_DEPRECATED_OBJC_IMPLEMENTATIONS = YES;
				CLANG_WARN_DIRECT_OBJC_ISA_USAGE = YES_ERROR;
				CLANG_WARN_DOCUMENTATION_COMMENTS = YES;
				CLANG_WARN_EMPTY_BODY = YES;
				CLANG_WARN_ENUM_CONVERSION = YES;
				CLANG_WARN_INFINITE_RECURSION = YES;
				CLANG_WARN_INT_CONVERSION = YES;
				CLANG_WARN_NON_LITERAL_NULL_CONVERSION = YES;
				CLANG_WARN_OBJC_IMPLICIT_RETAIN_SELF = YES;
				CLANG_WARN_OBJC_LITERAL_CONVERSION = YES;
				CLANG_WARN_OBJC_ROOT_CLASS = YES_ERROR;
				CLANG_WARN_QUOTED_INCLUDE_IN_FRAMEWORK_HEADER = YES;
				CLANG_WARN_RANGE_LOOP_ANALYSIS = YES;
				CLANG_WARN_STRICT_PROTOTYPES = YES;
				CLANG_WARN_SUSPICIOUS_MOVE = YES;
				CLANG_WARN_UNGUARDED_AVAILABILITY = YES_AGGRESSIVE;
				CLANG_WARN_UNREACHABLE_CODE = YES;
				CLANG_WARN__DUPLICATE_METHOD_MATCH = YES;
				COPY_PHASE_STRIP = NO;
				DEBUG_INFORMATION_FORMAT = dwarf;
				ENABLE_STRICT_OBJC_MSGSEND = YES;
				ENABLE_TESTABILITY = YES;
				GCC_C_LANGUAGE_STANDARD = gnu11;
				GCC_DYNAMIC_NO_PIC = NO;
				GCC_NO_COMMON_BLOCKS = YES;
				GCC_OPTIMIZATION_LEVEL = 0;
				GCC_PREPROCESSOR_DEFINITIONS = (
					"DEBUG=1",
					"$(inherited)",
				);
				GCC_WARN_64_TO_32_BIT_CONVERSION = YES;
				GCC_WARN_ABOUT_RETURN_TYPE = YES_ERROR;
				GCC_WARN_UNDECLARED_SELECTOR = YES;
				GCC_WARN_UNINITIALIZED_AUTOS = YES_AGGRESSIVE;
				GCC_WARN_UNUSED_FUNCTION = YES;
				GCC_WARN_UNUSED_VARIABLE = YES;
				IPHONEOS_DEPLOYMENT_TARGET = 15.2;
				MTL_ENABLE_DEBUG_INFO = INCLUDE_SOURCE;
				MTL_FAST_MATH = YES;
				ONLY_ACTIVE_ARCH = YES;
				SDKROOT = iphoneos;
				SWIFT_ACTIVE_COMPILATION_CONDITIONS = DEBUG;
				SWIFT_OPTIMIZATION_LEVEL = "-Onone";
			};
			name = Debug;
		};
		8EEA861827ED08A80082BDE7 /* Release */ = {
			isa = XCBuildConfiguration;
			buildSettings = {
				ALWAYS_SEARCH_USER_PATHS = NO;
				CLANG_ANALYZER_NONNULL = YES;
				CLANG_ANALYZER_NUMBER_OBJECT_CONVERSION = YES_AGGRESSIVE;
				CLANG_CXX_LANGUAGE_STANDARD = "gnu++17";
				CLANG_CXX_LIBRARY = "libc++";
				CLANG_ENABLE_MODULES = YES;
				CLANG_ENABLE_OBJC_ARC = YES;
				CLANG_ENABLE_OBJC_WEAK = YES;
				CLANG_WARN_BLOCK_CAPTURE_AUTORELEASING = YES;
				CLANG_WARN_BOOL_CONVERSION = YES;
				CLANG_WARN_COMMA = YES;
				CLANG_WARN_CONSTANT_CONVERSION = YES;
				CLANG_WARN_DEPRECATED_OBJC_IMPLEMENTATIONS = YES;
				CLANG_WARN_DIRECT_OBJC_ISA_USAGE = YES_ERROR;
				CLANG_WARN_DOCUMENTATION_COMMENTS = YES;
				CLANG_WARN_EMPTY_BODY = YES;
				CLANG_WARN_ENUM_CONVERSION = YES;
				CLANG_WARN_INFINITE_RECURSION = YES;
				CLANG_WARN_INT_CONVERSION = YES;
				CLANG_WARN_NON_LITERAL_NULL_CONVERSION = YES;
				CLANG_WARN_OBJC_IMPLICIT_RETAIN_SELF = YES;
				CLANG_WARN_OBJC_LITERAL_CONVERSION = YES;
				CLANG_WARN_OBJC_ROOT_CLASS = YES_ERROR;
				CLANG_WARN_QUOTED_INCLUDE_IN_FRAMEWORK_HEADER = YES;
				CLANG_WARN_RANGE_LOOP_ANALYSIS = YES;
				CLANG_WARN_STRICT_PROTOTYPES = YES;
				CLANG_WARN_SUSPICIOUS_MOVE = YES;
				CLANG_WARN_UNGUARDED_AVAILABILITY = YES_AGGRESSIVE;
				CLANG_WARN_UNREACHABLE_CODE = YES;
				CLANG_WARN__DUPLICATE_METHOD_MATCH = YES;
				COPY_PHASE_STRIP = NO;
				DEBUG_INFORMATION_FORMAT = "dwarf-with-dsym";
				ENABLE_NS_ASSERTIONS = NO;
				ENABLE_STRICT_OBJC_MSGSEND = YES;
				GCC_C_LANGUAGE_STANDARD = gnu11;
				GCC_NO_COMMON_BLOCKS = YES;
				GCC_WARN_64_TO_32_BIT_CONVERSION = YES;
				GCC_WARN_ABOUT_RETURN_TYPE = YES_ERROR;
				GCC_WARN_UNDECLARED_SELECTOR = YES;
				GCC_WARN_UNINITIALIZED_AUTOS = YES_AGGRESSIVE;
				GCC_WARN_UNUSED_FUNCTION = YES;
				GCC_WARN_UNUSED_VARIABLE = YES;
				IPHONEOS_DEPLOYMENT_TARGET = 15.2;
				MTL_ENABLE_DEBUG_INFO = NO;
				MTL_FAST_MATH = YES;
				SDKROOT = iphoneos;
				SWIFT_COMPILATION_MODE = wholemodule;
				SWIFT_OPTIMIZATION_LEVEL = "-O";
				VALIDATE_PRODUCT = YES;
			};
			name = Release;
		};
		8EEA861A27ED08A80082BDE7 /* Debug */ = {
			isa = XCBuildConfiguration;
			buildSettings = {
				ASSETCATALOG_COMPILER_APPICON_NAME = AppIcon;
				ASSETCATALOG_COMPILER_GLOBAL_ACCENT_COLOR_NAME = AccentColor;
				CODE_SIGN_STYLE = Automatic;
				CURRENT_PROJECT_VERSION = 1;
				DEVELOPMENT_TEAM = ZU4UB25UN9;
				GENERATE_INFOPLIST_FILE = YES;
				INFOPLIST_FILE = hometask12/Info.plist;
				INFOPLIST_KEY_UIApplicationSupportsIndirectInputEvents = YES;
				INFOPLIST_KEY_UILaunchStoryboardName = LaunchScreen;
				INFOPLIST_KEY_UIMainStoryboardFile = Main;
				INFOPLIST_KEY_UISupportedInterfaceOrientations_iPad = "UIInterfaceOrientationPortrait UIInterfaceOrientationPortraitUpsideDown UIInterfaceOrientationLandscapeLeft UIInterfaceOrientationLandscapeRight";
				INFOPLIST_KEY_UISupportedInterfaceOrientations_iPhone = "UIInterfaceOrientationPortrait UIInterfaceOrientationLandscapeLeft UIInterfaceOrientationLandscapeRight";
				LD_RUNPATH_SEARCH_PATHS = (
					"$(inherited)",
					"@executable_path/Frameworks",
				);
				MARKETING_VERSION = 1.0;
				PRODUCT_BUNDLE_IDENTIFIER = by.Vasilkow.hometask12;
				PRODUCT_NAME = "$(TARGET_NAME)";
				SWIFT_EMIT_LOC_STRINGS = YES;
				SWIFT_VERSION = 5.0;
				TARGETED_DEVICE_FAMILY = "1,2";
			};
			name = Debug;
		};
		8EEA861B27ED08A80082BDE7 /* Release */ = {
			isa = XCBuildConfiguration;
			buildSettings = {
				ASSETCATALOG_COMPILER_APPICON_NAME = AppIcon;
				ASSETCATALOG_COMPILER_GLOBAL_ACCENT_COLOR_NAME = AccentColor;
				CODE_SIGN_STYLE = Automatic;
				CURRENT_PROJECT_VERSION = 1;
				DEVELOPMENT_TEAM = ZU4UB25UN9;
				GENERATE_INFOPLIST_FILE = YES;
				INFOPLIST_FILE = hometask12/Info.plist;
				INFOPLIST_KEY_UIApplicationSupportsIndirectInputEvents = YES;
				INFOPLIST_KEY_UILaunchStoryboardName = LaunchScreen;
				INFOPLIST_KEY_UIMainStoryboardFile = Main;
				INFOPLIST_KEY_UISupportedInterfaceOrientations_iPad = "UIInterfaceOrientationPortrait UIInterfaceOrientationPortraitUpsideDown UIInterfaceOrientationLandscapeLeft UIInterfaceOrientationLandscapeRight";
				INFOPLIST_KEY_UISupportedInterfaceOrientations_iPhone = "UIInterfaceOrientationPortrait UIInterfaceOrientationLandscapeLeft UIInterfaceOrientationLandscapeRight";
				LD_RUNPATH_SEARCH_PATHS = (
					"$(inherited)",
					"@executable_path/Frameworks",
				);
				MARKETING_VERSION = 1.0;
				PRODUCT_BUNDLE_IDENTIFIER = by.Vasilkow.hometask12;
				PRODUCT_NAME = "$(TARGET_NAME)";
				SWIFT_EMIT_LOC_STRINGS = YES;
				SWIFT_VERSION = 5.0;
				TARGETED_DEVICE_FAMILY = "1,2";
			};
			name = Release;
		};
/* End XCBuildConfiguration section */

/* Begin XCConfigurationList section */
		8EEA860027ED08A60082BDE7 /* Build configuration list for PBXProject "hometask12" */ = {
			isa = XCConfigurationList;
			buildConfigurations = (
				8EEA861727ED08A80082BDE7 /* Debug */,
				8EEA861827ED08A80082BDE7 /* Release */,
			);
			defaultConfigurationIsVisible = 0;
			defaultConfigurationName = Release;
		};
		8EEA861927ED08A80082BDE7 /* Build configuration list for PBXNativeTarget "hometask12" */ = {
			isa = XCConfigurationList;
			buildConfigurations = (
				8EEA861A27ED08A80082BDE7 /* Debug */,
				8EEA861B27ED08A80082BDE7 /* Release */,
			);
			defaultConfigurationIsVisible = 0;
			defaultConfigurationName = Release;
		};
/* End XCConfigurationList section */
	};
	rootObject = 8EEA85FD27ED08A60082BDE7 /* Project object */;
}
